<?xml version="1.0" encoding="utf-8"?>
<Project ToolsVersion="4.0" xmlns="http://schemas.microsoft.com/developer/msbuild/2003">
  <ItemGroup>
    <Filter Include="Source Files">
      <UniqueIdentifier>{4FC737F1-C7A5-4376-A066-2A32D752A2FF}</UniqueIdentifier>
      <Extensions>cpp;c;cc;cxx;c++;cppm;ixx;def;odl;idl;hpj;bat;asm;asmx</Extensions>
    </Filter>
    <Filter Include="Header Files">
      <UniqueIdentifier>{93995380-89BD-4b04-88EB-625FBE52EBFB}</UniqueIdentifier>
      <Extensions>h;hh;hpp;hxx;h++;hm;inl;inc;ipp;xsd</Extensions>
    </Filter>
    <Filter Include="Resource Files">
      <UniqueIdentifier>{67DA6AB6-F800-4c08-8B7A-83BB121AAD01}</UniqueIdentifier>
      <Extensions>rc;ico;cur;bmp;dlg;rc2;rct;bin;rgs;gif;jpg;jpeg;jpe;resx;tiff;tif;png;wav;mfcribbon-ms</Extensions>
    </Filter>
  </ItemGroup>
  <ItemGroup>
    <ClCompile Include="src\Main.cpp">
      <Filter>Source Files</Filter>
    </ClCompile>
    <ClCompile Include="src\system\window\window.cpp">
      <Filter>Source Files</Filter>
    </ClCompile>
    <ClCompile Include="src\glad.c">
      <Filter>Source Files</Filter>
    </ClCompile>
    <ClCompile Include="src\renderer\shaders\shader.cpp">
      <Filter>Source Files</Filter>
    </ClCompile>
    <ClCompile Include="src\renderer\mesh\mesh.cpp">
      <Filter>Source Files</Filter>
    </ClCompile>
    <ClCompile Include="src\entities\entity.cpp">
      <Filter>Source Files</Filter>
    </ClCompile>
    <ClCompile Include="src\scene\scene.cpp">
      <Filter>Source Files</Filter>
    </ClCompile>
    <ClCompile Include="src\entities\actors\quad\quad.cpp">
      <Filter>Source Files</Filter>
    </ClCompile>
    <ClCompile Include="src\renderer\model\model.cpp">
      <Filter>Source Files</Filter>
    </ClCompile>
    <ClCompile Include="src\entities\actors\cube\cube.cpp">
      <Filter>Source Files</Filter>
    </ClCompile>
    <ClCompile Include="src\renderer\textures\stb_image\stb_image.cpp">
      <Filter>Source Files</Filter>
    </ClCompile>
    <ClCompile Include="src\entities\actors\camera\camera.cpp">
      <Filter>Source Files</Filter>
    </ClCompile>
    <ClCompile Include="src\entities\actors\lightCube\lightCube.cpp">
      <Filter>Source Files</Filter>
    </ClCompile>
    <ClCompile Include="src\physics\AABB\aabb.cpp">
      <Filter>Source Files</Filter>
    </ClCompile>
    <ClCompile Include="src\physics\raycasting\raycasting.cpp">
      <Filter>Source Files</Filter>
    </ClCompile>
    <ClCompile Include="src\entities\actors\safetyDoor\door\door.cpp">
      <Filter>Source Files</Filter>
    </ClCompile>
    <ClCompile Include="src\entities\actors\safetyDoor\switch\doorSwitch.cpp">
      <Filter>Source Files</Filter>
    </ClCompile>
    <ClCompile Include="includes\Imgui\imgui.cpp">
      <Filter>Source Files</Filter>
    </ClCompile>
    <ClCompile Include="includes\Imgui\imgui_demo.cpp">
      <Filter>Source Files</Filter>
    </ClCompile>
    <ClCompile Include="includes\Imgui\imgui_draw.cpp">
      <Filter>Source Files</Filter>
    </ClCompile>
    <ClCompile Include="includes\Imgui\imgui_impl_glfw.cpp">
      <Filter>Source Files</Filter>
    </ClCompile>
    <ClCompile Include="includes\Imgui\imgui_impl_opengl3.cpp">
      <Filter>Source Files</Filter>
    </ClCompile>
    <ClCompile Include="includes\Imgui\imgui_tables.cpp">
      <Filter>Source Files</Filter>
    </ClCompile>
    <ClCompile Include="includes\Imgui\imgui_widgets.cpp">
      <Filter>Source Files</Filter>
    </ClCompile>
    <ClCompile Include="src\entities\actors\item\item.cpp">
      <Filter>Source Files</Filter>
    </ClCompile>
    <ClCompile Include="src\entities\actors\item\test\itemCube.cpp">
      <Filter>Source Files</Filter>
    </ClCompile>
    <ClCompile Include="src\entities\actors\woodDoor\woodDoor.cpp">
      <Filter>Source Files</Filter>
    </ClCompile>
    <ClCompile Include="src\entities\actors\woodDoor\key\doorKey.cpp">
      <Filter>Source Files</Filter>
    </ClCompile>
    <ClCompile Include="src\renderer\postprocessing\pbr\pbr.cpp">
      <Filter>Source Files</Filter>
    </ClCompile>
    <ClCompile Include="src\renderer\postprocessing\pbr\equirectangular\equirectangular.cpp">
      <Filter>Source Files</Filter>
    </ClCompile>
    <ClCompile Include="src\entities\actors\pbrDemo\pbrDemo.cpp">
      <Filter>Source Files</Filter>
    </ClCompile>
    <ClCompile Include="src\entities\actors\building\building.cpp">
      <Filter>Source Files</Filter>
    </ClCompile>
    <ClCompile Include="src\renderer\postprocessing\shadows\shadow.cpp">
      <Filter>Source Files</Filter>
    </ClCompile>
    <ClCompile Include="src\renderer\postprocessing\postProcessing.cpp">
      <Filter>Source Files</Filter>
    </ClCompile>
    <ClCompile Include="src\renderer\postprocessing\bloom\bloom.cpp">
      <Filter>Source Files</Filter>
    </ClCompile>
    <ClCompile Include="src\renderer\postprocessing\deferred\deferred.cpp">
      <Filter>Source Files</Filter>
    </ClCompile>
    <ClCompile Include="src\renderer\postprocessing\SSAO\ssao.cpp">
      <Filter>Source Files</Filter>
    </ClCompile>
    <ClCompile Include="src\entities\actors\water\water.cpp">
      <Filter>Source Files</Filter>
    </ClCompile>
    <ClCompile Include="src\renderer\postprocessing\reflections\reflections.cpp">
      <Filter>Source Files</Filter>
    </ClCompile>
    <ClCompile Include="src\entities\actors\sceneDoor\sceneDoor.cpp">
      <Filter>Source Files</Filter>
    </ClCompile>
    <ClCompile Include="src\scene\scenes\sceneLoader.cpp">
      <Filter>Source Files</Filter>
    </ClCompile>
    <ClCompile Include="src\entities\actors\building\2\building2.cpp">
      <Filter>Source Files</Filter>
    </ClCompile>
  </ItemGroup>
  <ItemGroup>
    <ClInclude Include="src\system\window\window.h">
      <Filter>Header Files</Filter>
    </ClInclude>
    <ClInclude Include="src\renderer\shaders\shader.h">
      <Filter>Header Files</Filter>
    </ClInclude>
    <ClInclude Include="src\renderer\collections\shaderCollection.h">
      <Filter>Header Files</Filter>
    </ClInclude>
    <ClInclude Include="src\renderer\mesh\mesh.h">
      <Filter>Header Files</Filter>
    </ClInclude>
    <ClInclude Include="src\entities\entity.h">
      <Filter>Header Files</Filter>
    </ClInclude>
    <ClInclude Include="src\data\transform.h">
      <Filter>Header Files</Filter>
    </ClInclude>
    <ClInclude Include="src\data\updateData.h">
      <Filter>Header Files</Filter>
    </ClInclude>
    <ClInclude Include="src\scene\scene.h">
      <Filter>Header Files</Filter>
    </ClInclude>
    <ClInclude Include="src\entities\actors\quad\quad.h">
      <Filter>Header Files</Filter>
    </ClInclude>
    <ClInclude Include="src\renderer\model\model.h">
      <Filter>Header Files</Filter>
    </ClInclude>
    <ClInclude Include="src\entities\actors\cube\cube.h">
      <Filter>Header Files</Filter>
    </ClInclude>
    <ClInclude Include="src\renderer\collections\modelCollection.h">
      <Filter>Header Files</Filter>
    </ClInclude>
    <ClInclude Include="src\renderer\textures\textures.h">
      <Filter>Header Files</Filter>
    </ClInclude>
    <ClInclude Include="src\renderer\textures\stb_image\stb_image.h">
      <Filter>Header Files</Filter>
    </ClInclude>
    <ClInclude Include="src\renderer\collections\textureCollection.h">
      <Filter>Header Files</Filter>
    </ClInclude>
    <ClInclude Include="src\data\vertex.h">
      <Filter>Header Files</Filter>
    </ClInclude>
    <ClInclude Include="src\entities\actors\camera\camera.h">
      <Filter>Header Files</Filter>
    </ClInclude>
    <ClInclude Include="src\data\light.h">
      <Filter>Header Files</Filter>
    </ClInclude>
    <ClInclude Include="src\entities\actors\lightCube\lightCube.h">
      <Filter>Header Files</Filter>
    </ClInclude>
    <ClInclude Include="src\data\aabb.h">
      <Filter>Header Files</Filter>
    </ClInclude>
    <ClInclude Include="src\physics\AABB\aabb.h">
      <Filter>Header Files</Filter>
    </ClInclude>
    <ClInclude Include="src\data\ray.h">
      <Filter>Header Files</Filter>
    </ClInclude>
    <ClInclude Include="src\physics\raycasting\raycasting.h">
      <Filter>Header Files</Filter>
    </ClInclude>
    <ClInclude Include="src\entities\actors\safetyDoor\door\door.h">
      <Filter>Header Files</Filter>
    </ClInclude>
    <ClInclude Include="src\data\math.h">
      <Filter>Header Files</Filter>
    </ClInclude>
    <ClInclude Include="src\entities\actors\safetyDoor\switch\doorSwitch.h">
      <Filter>Header Files</Filter>
    </ClInclude>
    <ClInclude Include="src\data\item.h">
      <Filter>Header Files</Filter>
    </ClInclude>
    <ClInclude Include="includes\Imgui\imconfig.h">
      <Filter>Header Files</Filter>
    </ClInclude>
    <ClInclude Include="includes\Imgui\imgui.h">
      <Filter>Header Files</Filter>
    </ClInclude>
    <ClInclude Include="includes\Imgui\imgui_internal.h">
      <Filter>Header Files</Filter>
    </ClInclude>
    <ClInclude Include="includes\Imgui\imgui_impl_glfw.h">
      <Filter>Header Files</Filter>
    </ClInclude>
    <ClInclude Include="includes\Imgui\imgui_impl_opengl3.h">
      <Filter>Header Files</Filter>
    </ClInclude>
    <ClInclude Include="includes\Imgui\imstb_rectpack.h">
      <Filter>Header Files</Filter>
    </ClInclude>
    <ClInclude Include="includes\Imgui\imstb_textedit.h">
      <Filter>Header Files</Filter>
    </ClInclude>
    <ClInclude Include="includes\Imgui\imstb_truetype.h">
      <Filter>Header Files</Filter>
    </ClInclude>
    <ClInclude Include="includes\Imgui\imgui_impl_opengl3_loader.h">
      <Filter>Header Files</Filter>
    </ClInclude>
    <ClInclude Include="src\data\items\itemCollection.h">
      <Filter>Header Files</Filter>
    </ClInclude>
    <ClInclude Include="src\entities\actors\item\item.h">
      <Filter>Header Files</Filter>
    </ClInclude>
    <ClInclude Include="src\entities\actors\item\test\itemCube.h">
      <Filter>Header Files</Filter>
    </ClInclude>
    <ClInclude Include="src\entities\actors\woodDoor\woodDoor.h">
      <Filter>Header Files</Filter>
    </ClInclude>
    <ClInclude Include="src\entities\actors\woodDoor\key\doorKey.h">
      <Filter>Header Files</Filter>
    </ClInclude>
    <ClInclude Include="src\renderer\postprocessing\pbr\pbr.h">
      <Filter>Header Files</Filter>
    </ClInclude>
    <ClInclude Include="src\renderer\postprocessing\pbr\equirectangular\equirectangular.h">
      <Filter>Header Files</Filter>
    </ClInclude>
    <ClInclude Include="src\entities\actors\pbrDemo\pbrDemo.h">
      <Filter>Header Files</Filter>
    </ClInclude>
    <ClInclude Include="src\entities\actors\building\building.h">
      <Filter>Header Files</Filter>
    </ClInclude>
    <ClInclude Include="src\renderer\postprocessing\shadows\shadow.h">
      <Filter>Header Files</Filter>
    </ClInclude>
    <ClInclude Include="src\renderer\postprocessing\postProcessing.h">
      <Filter>Header Files</Filter>
    </ClInclude>
    <ClInclude Include="src\renderer\postprocessing\bloom\bloom.h">
      <Filter>Header Files</Filter>
    </ClInclude>
    <ClInclude Include="src\data\bloomMip.h">
      <Filter>Header Files</Filter>
    </ClInclude>
    <ClInclude Include="src\renderer\postprocessing\deferred\deferred.h">
      <Filter>Header Files</Filter>
    </ClInclude>
    <ClInclude Include="src\renderer\postprocessing\SSAO\ssao.h">
      <Filter>Header Files</Filter>
    </ClInclude>
    <ClInclude Include="src\scene\scenes\sceneLoader.h">
      <Filter>Header Files</Filter>
    </ClInclude>
    <ClInclude Include="src\entities\actors\water\water.h">
      <Filter>Header Files</Filter>
    </ClInclude>
    <ClInclude Include="src\renderer\postprocessing\reflections\reflections.h">
      <Filter>Header Files</Filter>
    </ClInclude>
    <ClInclude Include="src\entities\actors\sceneDoor\sceneDoor.h">
      <Filter>Header Files</Filter>
    </ClInclude>
    <ClInclude Include="src\entities\actors\building\2\building2.h">
      <Filter>Header Files</Filter>
    </ClInclude>
  </ItemGroup>
  <ItemGroup>
    <None Include="resources\shaders\pbr\prefilter\prefilter.frag" />
    <None Include="resources\shaders\pbr\brdf\brdf.frag" />
    <None Include="resources\shaders\pbr\brdf\brdf.vert" />
    <None Include="resources\shaders\quad\quad.vert" />
    <None Include="resources\shaders\quad\quad.frag" />
    <None Include="resources\shaders\shadows\depthMap.vert" />
    <None Include="resources\shaders\shadows\depthMap.frag" />
    <None Include="resources\shaders\shadows\visual\depthVisual.frag" />
    <None Include="resources\shaders\shadows\pointLights\depthMap.vert" />
    <None Include="resources\shaders\shadows\pointLights\depthMap.geom" />
    <None Include="resources\shaders\shadows\pointLights\depthMap.frag" />
    <None Include="resources\shaders\postProcessing\postProcess.frag" />
    <None Include="resources\shaders\postProcessing\bloom\bloomFilter.frag" />
    <None Include="resources\shaders\postProcessing\bloom\sampling\downSampling.frag" />
    <None Include="resources\shaders\postProcessing\bloom\sampling\upSampling.frag" />
    <None Include="resources\shaders\postProcessing\bloom\bloom.frag" />
    <None Include="resources\shaders\deferred\gBuffer.frag" />
    <None Include="resources\shaders\postProcessing\ssao\ssao.frag" />
    <None Include="resources\shaders\postProcessing\ssao\ssaoBlur.frag" />
  </ItemGroup>
</Project>